// !$*UTF8*$!
{
	archiveVersion = 1;
	classes = {
	};
	objectVersion = 50;
	objects = {

/* Begin PBXBuildFile section */
		5795BEA02C1BB06700A8EE5B /* TemaQuizViewController.swift in Sources */ = {isa = PBXBuildFile; fileRef = 5795BE9F2C1BB06700A8EE5B /* TemaQuizViewController.swift */; };
		5795BEA32C1BC44B00A8EE5B /* Questao.swift in Sources */ = {isa = PBXBuildFile; fileRef = 5795BEA22C1BC44B00A8EE5B /* Questao.swift */; };
		5795BEA62C1BDC3800A8EE5B /* DesempenhoViewController.swift in Sources */ = {isa = PBXBuildFile; fileRef = 5795BEA52C1BDC3800A8EE5B /* DesempenhoViewController.swift */; };
		579CCB472C193E4F00D24EBE /* AppDelegate.swift in Sources */ = {isa = PBXBuildFile; fileRef = 579CCB462C193E4F00D24EBE /* AppDelegate.swift */; };
		579CCB492C193E4F00D24EBE /* SceneDelegate.swift in Sources */ = {isa = PBXBuildFile; fileRef = 579CCB482C193E4F00D24EBE /* SceneDelegate.swift */; };
		579CCB4B2C193E4F00D24EBE /* ViewController.swift in Sources */ = {isa = PBXBuildFile; fileRef = 579CCB4A2C193E4F00D24EBE /* ViewController.swift */; };
		579CCB4E2C193E4F00D24EBE /* Main.storyboard in Resources */ = {isa = PBXBuildFile; fileRef = 579CCB4C2C193E4F00D24EBE /* Main.storyboard */; };
		579CCB502C193E5000D24EBE /* Assets.xcassets in Resources */ = {isa = PBXBuildFile; fileRef = 579CCB4F2C193E5000D24EBE /* Assets.xcassets */; };
		579CCB532C193E5000D24EBE /* LaunchScreen.storyboard in Resources */ = {isa = PBXBuildFile; fileRef = 579CCB512C193E5000D24EBE /* LaunchScreen.storyboard */; };
		579CCB5C2C1945FA00D24EBE /* QuestaoViewController.swift in Sources */ = {isa = PBXBuildFile; fileRef = 579CCB5B2C1945FA00D24EBE /* QuestaoViewController.swift */; };
		57F477612C1CFF9E00981CEF /* CriarQuizViewController.swift in Sources */ = {isa = PBXBuildFile; fileRef = 57F477602C1CFF9E00981CEF /* CriarQuizViewController.swift */; };
		57F477642C1D004100981CEF /* QuizViewController.swift in Sources */ = {isa = PBXBuildFile; fileRef = 57F477632C1D004100981CEF /* QuizViewController.swift */; };
		57F477672C1D00B800981CEF /* SalvarQuizViewController.swift in Sources */ = {isa = PBXBuildFile; fileRef = 57F477662C1D00B800981CEF /* SalvarQuizViewController.swift */; };
/* End PBXBuildFile section */

/* Begin PBXFileReference section */
		5795BE9F2C1BB06700A8EE5B /* TemaQuizViewController.swift */ = {isa = PBXFileReference; lastKnownFileType = sourcecode.swift; path = TemaQuizViewController.swift; sourceTree = "<group>"; };
		5795BEA22C1BC44B00A8EE5B /* Questao.swift */ = {isa = PBXFileReference; lastKnownFileType = sourcecode.swift; path = Questao.swift; sourceTree = "<group>"; };
		5795BEA52C1BDC3800A8EE5B /* DesempenhoViewController.swift */ = {isa = PBXFileReference; lastKnownFileType = sourcecode.swift; path = DesempenhoViewController.swift; sourceTree = "<group>"; };
		579CCB432C193E4F00D24EBE /* iQuiz.app */ = {isa = PBXFileReference; explicitFileType = wrapper.application; includeInIndex = 0; path = iQuiz.app; sourceTree = BUILT_PRODUCTS_DIR; };
		579CCB462C193E4F00D24EBE /* AppDelegate.swift */ = {isa = PBXFileReference; lastKnownFileType = sourcecode.swift; path = AppDelegate.swift; sourceTree = "<group>"; };
		579CCB482C193E4F00D24EBE /* SceneDelegate.swift */ = {isa = PBXFileReference; lastKnownFileType = sourcecode.swift; path = SceneDelegate.swift; sourceTree = "<group>"; };
		579CCB4A2C193E4F00D24EBE /* ViewController.swift */ = {isa = PBXFileReference; lastKnownFileType = sourcecode.swift; path = ViewController.swift; sourceTree = "<group>"; };
		579CCB4D2C193E4F00D24EBE /* Base */ = {isa = PBXFileReference; lastKnownFileType = file.storyboard; name = Base; path = Base.lproj/Main.storyboard; sourceTree = "<group>"; };
		579CCB4F2C193E5000D24EBE /* Assets.xcassets */ = {isa = PBXFileReference; lastKnownFileType = folder.assetcatalog; path = Assets.xcassets; sourceTree = "<group>"; };
		579CCB522C193E5000D24EBE /* Base */ = {isa = PBXFileReference; lastKnownFileType = file.storyboard; name = Base; path = Base.lproj/LaunchScreen.storyboard; sourceTree = "<group>"; };
		579CCB542C193E5000D24EBE /* Info.plist */ = {isa = PBXFileReference; lastKnownFileType = text.plist.xml; path = Info.plist; sourceTree = "<group>"; };
		579CCB5B2C1945FA00D24EBE /* QuestaoViewController.swift */ = {isa = PBXFileReference; lastKnownFileType = sourcecode.swift; path = QuestaoViewController.swift; sourceTree = "<group>"; };
		57F477602C1CFF9E00981CEF /* CriarQuizViewController.swift */ = {isa = PBXFileReference; lastKnownFileType = sourcecode.swift; path = CriarQuizViewController.swift; sourceTree = "<group>"; };
		57F477632C1D004100981CEF /* QuizViewController.swift */ = {isa = PBXFileReference; lastKnownFileType = sourcecode.swift; path = QuizViewController.swift; sourceTree = "<group>"; };
		57F477662C1D00B800981CEF /* SalvarQuizViewController.swift */ = {isa = PBXFileReference; lastKnownFileType = sourcecode.swift; path = SalvarQuizViewController.swift; sourceTree = "<group>"; };
/* End PBXFileReference section */

/* Begin PBXFrameworksBuildPhase section */
		579CCB402C193E4F00D24EBE /* Frameworks */ = {
			isa = PBXFrameworksBuildPhase;
			buildActionMask = 2147483647;
			files = (
			);
			runOnlyForDeploymentPostprocessing = 0;
		};
/* End PBXFrameworksBuildPhase section */

/* Begin PBXGroup section */
		579CCB3A2C193E4F00D24EBE = {
			isa = PBXGroup;
			children = (
				579CCB452C193E4F00D24EBE /* iQuiz */,
				579CCB442C193E4F00D24EBE /* Products */,
			);
			sourceTree = "<group>";
		};
		579CCB442C193E4F00D24EBE /* Products */ = {
			isa = PBXGroup;
			children = (
				579CCB432C193E4F00D24EBE /* iQuiz.app */,
			);
			name = Products;
			sourceTree = "<group>";
		};
		579CCB452C193E4F00D24EBE /* iQuiz */ = {
			isa = PBXGroup;
			children = (
				579CCB462C193E4F00D24EBE /* AppDelegate.swift */,
				579CCB482C193E4F00D24EBE /* SceneDelegate.swift */,
				579CCB4A2C193E4F00D24EBE /* ViewController.swift */,
				579CCB4C2C193E4F00D24EBE /* Main.storyboard */,
				579CCB4F2C193E5000D24EBE /* Assets.xcassets */,
				579CCB512C193E5000D24EBE /* LaunchScreen.storyboard */,
				579CCB542C193E5000D24EBE /* Info.plist */,
				579CCB5B2C1945FA00D24EBE /* QuestaoViewController.swift */,
				5795BE9F2C1BB06700A8EE5B /* TemaQuizViewController.swift */,
				5795BEA22C1BC44B00A8EE5B /* Questao.swift */,
				5795BEA52C1BDC3800A8EE5B /* DesempenhoViewController.swift */,
				57F477602C1CFF9E00981CEF /* CriarQuizViewController.swift */,
				57F477632C1D004100981CEF /* QuizViewController.swift */,
				57F477662C1D00B800981CEF /* SalvarQuizViewController.swift */,
			);
			path = iQuiz;
			sourceTree = "<group>";
		};
/* End PBXGroup section */

/* Begin PBXNativeTarget section */
		579CCB422C193E4F00D24EBE /* iQuiz */ = {
			isa = PBXNativeTarget;
			buildConfigurationList = 579CCB572C193E5000D24EBE /* Build configuration list for PBXNativeTarget "iQuiz" */;
			buildPhases = (
				579CCB3F2C193E4F00D24EBE /* Sources */,
				579CCB402C193E4F00D24EBE /* Frameworks */,
				579CCB412C193E4F00D24EBE /* Resources */,
			);
			buildRules = (
			);
			dependencies = (
			);
			name = iQuiz;
			productName = iQuiz;
			productReference = 579CCB432C193E4F00D24EBE /* iQuiz.app */;
			productType = "com.apple.product-type.application";
		};
/* End PBXNativeTarget section */

/* Begin PBXProject section */
		579CCB3B2C193E4F00D24EBE /* Project object */ = {
			isa = PBXProject;
			attributes = {
				LastSwiftUpdateCheck = 1240;
				LastUpgradeCheck = 1240;
				TargetAttributes = {
					579CCB422C193E4F00D24EBE = {
						CreatedOnToolsVersion = 12.4;
					};
				};
			};
			buildConfigurationList = 579CCB3E2C193E4F00D24EBE /* Build configuration list for PBXProject "iQuiz" */;
			compatibilityVersion = "Xcode 9.3";
			developmentRegion = en;
			hasScannedForEncodings = 0;
			knownRegions = (
				en,
				Base,
			);
			mainGroup = 579CCB3A2C193E4F00D24EBE;
			productRefGroup = 579CCB442C193E4F00D24EBE /* Products */;
			projectDirPath = "";
			projectRoot = "";
			targets = (
				579CCB422C193E4F00D24EBE /* iQuiz */,
			);
		};
/* End PBXProject section */

/* Begin PBXResourcesBuildPhase section */
		579CCB412C193E4F00D24EBE /* Resources */ = {
			isa = PBXResourcesBuildPhase;
			buildActionMask = 2147483647;
			files = (
				579CCB532C193E5000D24EBE /* LaunchScreen.storyboard in Resources */,
				579CCB502C193E5000D24EBE /* Assets.xcassets in Resources */,
				579CCB4E2C193E4F00D24EBE /* Main.storyboard in Resources */,
			);
			runOnlyForDeploymentPostprocessing = 0;
		};
/* End PBXResourcesBuildPhase section */

/* Begin PBXSourcesBuildPhase section */
		579CCB3F2C193E4F00D24EBE /* Sources */ = {
			isa = PBXSourcesBuildPhase;
			buildActionMask = 2147483647;
			files = (
				57F477672C1D00B800981CEF /* SalvarQuizViewController.swift in Sources */,
				5795BEA62C1BDC3800A8EE5B /* DesempenhoViewController.swift in Sources */,
				57F477612C1CFF9E00981CEF /* CriarQuizViewController.swift in Sources */,
				579CCB4B2C193E4F00D24EBE /* ViewController.swift in Sources */,
				579CCB472C193E4F00D24EBE /* AppDelegate.swift in Sources */,
				579CCB492C193E4F00D24EBE /* SceneDelegate.swift in Sources */,
				579CCB5C2C1945FA00D24EBE /* QuestaoViewController.swift in Sources */,
				57F477642C1D004100981CEF /* QuizViewController.swift in Sources */,
				5795BEA32C1BC44B00A8EE5B /* Questao.swift in Sources */,
				5795BEA02C1BB06700A8EE5B /* TemaQuizViewController.swift in Sources */,
			);
			runOnlyForDeploymentPostprocessing = 0;
		};
/* End PBXSourcesBuildPhase section */

/* Begin PBXVariantGroup section */
		579CCB4C2C193E4F00D24EBE /* Main.storyboard */ = {
			isa = PBXVariantGroup;
			children = (
				579CCB4D2C193E4F00D24EBE /* Base */,
			);
			name = Main.storyboard;
			sourceTree = "<group>";
		};
		579CCB512C193E5000D24EBE /* LaunchScreen.storyboard */ = {
			isa = PBXVariantGroup;
			children = (
				579CCB522C193E5000D24EBE /* Base */,
			);
			name = LaunchScreen.storyboard;
			sourceTree = "<group>";
		};
/* End PBXVariantGroup section */

/* Begin XCBuildConfiguration section */
		579CCB552C193E5000D24EBE /* Debug */ = {
			isa = XCBuildConfiguration;
			buildSettings = {
				ALWAYS_SEARCH_USER_PATHS = NO;
				CLANG_ANALYZER_NONNULL = YES;
				CLANG_ANALYZER_NUMBER_OBJECT_CONVERSION = YES_AGGRESSIVE;
				CLANG_CXX_LANGUAGE_STANDARD = "gnu++14";
				CLANG_CXX_LIBRARY = "libc++";
				CLANG_ENABLE_MODULES = YES;
				CLANG_ENABLE_OBJC_ARC = YES;
				CLANG_ENABLE_OBJC_WEAK = YES;
				CLANG_WARN_BLOCK_CAPTURE_AUTORELEASING = YES;
				CLANG_WARN_BOOL_CONVERSION = YES;
				CLANG_WARN_COMMA = YES;
				CLANG_WARN_CONSTANT_CONVERSION = YES;
				CLANG_WARN_DEPRECATED_OBJC_IMPLEMENTATIONS = YES;
				CLANG_WARN_DIRECT_OBJC_ISA_USAGE = YES_ERROR;
				CLANG_WARN_DOCUMENTATION_COMMENTS = YES;
				CLANG_WARN_EMPTY_BODY = YES;
				CLANG_WARN_ENUM_CONVERSION = YES;
				CLANG_WARN_INFINITE_RECURSION = YES;
				CLANG_WARN_INT_CONVERSION = YES;
				CLANG_WARN_NON_LITERAL_NULL_CONVERSION = YES;
				CLANG_WARN_OBJC_IMPLICIT_RETAIN_SELF = YES;
				CLANG_WARN_OBJC_LITERAL_CONVERSION = YES;
				CLANG_WARN_OBJC_ROOT_CLASS = YES_ERROR;
				CLANG_WARN_QUOTED_INCLUDE_IN_FRAMEWORK_HEADER = YES;
				CLANG_WARN_RANGE_LOOP_ANALYSIS = YES;
				CLANG_WARN_STRICT_PROTOTYPES = YES;
				CLANG_WARN_SUSPICIOUS_MOVE = YES;
				CLANG_WARN_UNGUARDED_AVAILABILITY = YES_AGGRESSIVE;
				CLANG_WARN_UNREACHABLE_CODE = YES;
				CLANG_WARN__DUPLICATE_METHOD_MATCH = YES;
				COPY_PHASE_STRIP = NO;
				DEBUG_INFORMATION_FORMAT = dwarf;
				ENABLE_STRICT_OBJC_MSGSEND = YES;
				ENABLE_TESTABILITY = YES;
				GCC_C_LANGUAGE_STANDARD = gnu11;
				GCC_DYNAMIC_NO_PIC = NO;
				GCC_NO_COMMON_BLOCKS = YES;
				GCC_OPTIMIZATION_LEVEL = 0;
				GCC_PREPROCESSOR_DEFINITIONS = (
					"DEBUG=1",
					"$(inherited)",
				);
				GCC_WARN_64_TO_32_BIT_CONVERSION = YES;
				GCC_WARN_ABOUT_RETURN_TYPE = YES_ERROR;
				GCC_WARN_UNDECLARED_SELECTOR = YES;
				GCC_WARN_UNINITIALIZED_AUTOS = YES_AGGRESSIVE;
				GCC_WARN_UNUSED_FUNCTION = YES;
				GCC_WARN_UNUSED_VARIABLE = YES;
				IPHONEOS_DEPLOYMENT_TARGET = 14.4;
				MTL_ENABLE_DEBUG_INFO = INCLUDE_SOURCE;
				MTL_FAST_MATH = YES;
				ONLY_ACTIVE_ARCH = YES;
				SDKROOT = iphoneos;
				SWIFT_ACTIVE_COMPILATION_CONDITIONS = DEBUG;
				SWIFT_OPTIMIZATION_LEVEL = "-Onone";
			};
			name = Debug;
		};
		579CCB562C193E5000D24EBE /* Release */ = {
			isa = XCBuildConfiguration;
			buildSettings = {
				ALWAYS_SEARCH_USER_PATHS = NO;
				CLANG_ANALYZER_NONNULL = YES;
				CLANG_ANALYZER_NUMBER_OBJECT_CONVERSION = YES_AGGRESSIVE;
				CLANG_CXX_LANGUAGE_STANDARD = "gnu++14";
				CLANG_CXX_LIBRARY = "libc++";
				CLANG_ENABLE_MODULES = YES;
				CLANG_ENABLE_OBJC_ARC = YES;
				CLANG_ENABLE_OBJC_WEAK = YES;
				CLANG_WARN_BLOCK_CAPTURE_AUTORELEASING = YES;
				CLANG_WARN_BOOL_CONVERSION = YES;
				CLANG_WARN_COMMA = YES;
				CLANG_WARN_CONSTANT_CONVERSION = YES;
				CLANG_WARN_DEPRECATED_OBJC_IMPLEMENTATIONS = YES;
				CLANG_WARN_DIRECT_OBJC_ISA_USAGE = YES_ERROR;
				CLANG_WARN_DOCUMENTATION_COMMENTS = YES;
				CLANG_WARN_EMPTY_BODY = YES;
				CLANG_WARN_ENUM_CONVERSION = YES;
				CLANG_WARN_INFINITE_RECURSION = YES;
				CLANG_WARN_INT_CONVERSION = YES;
				CLANG_WARN_NON_LITERAL_NULL_CONVERSION = YES;
				CLANG_WARN_OBJC_IMPLICIT_RETAIN_SELF = YES;
				CLANG_WARN_OBJC_LITERAL_CONVERSION = YES;
				CLANG_WARN_OBJC_ROOT_CLASS = YES_ERROR;
				CLANG_WARN_QUOTED_INCLUDE_IN_FRAMEWORK_HEADER = YES;
				CLANG_WARN_RANGE_LOOP_ANALYSIS = YES;
				CLANG_WARN_STRICT_PROTOTYPES = YES;
				CLANG_WARN_SUSPICIOUS_MOVE = YES;
				CLANG_WARN_UNGUARDED_AVAILABILITY = YES_AGGRESSIVE;
				CLANG_WARN_UNREACHABLE_CODE = YES;
				CLANG_WARN__DUPLICATE_METHOD_MATCH = YES;
				COPY_PHASE_STRIP = NO;
				DEBUG_INFORMATION_FORMAT = "dwarf-with-dsym";
				ENABLE_NS_ASSERTIONS = NO;
				ENABLE_STRICT_OBJC_MSGSEND = YES;
				GCC_C_LANGUAGE_STANDARD = gnu11;
				GCC_NO_COMMON_BLOCKS = YES;
				GCC_WARN_64_TO_32_BIT_CONVERSION = YES;
				GCC_WARN_ABOUT_RETURN_TYPE = YES_ERROR;
				GCC_WARN_UNDECLARED_SELECTOR = YES;
				GCC_WARN_UNINITIALIZED_AUTOS = YES_AGGRESSIVE;
				GCC_WARN_UNUSED_FUNCTION = YES;
				GCC_WARN_UNUSED_VARIABLE = YES;
				IPHONEOS_DEPLOYMENT_TARGET = 14.4;
				MTL_ENABLE_DEBUG_INFO = NO;
				MTL_FAST_MATH = YES;
				SDKROOT = iphoneos;
				SWIFT_COMPILATION_MODE = wholemodule;
				SWIFT_OPTIMIZATION_LEVEL = "-O";
				VALIDATE_PRODUCT = YES;
			};
			name = Release;
		};
		579CCB582C193E5000D24EBE /* Debug */ = {
			isa = XCBuildConfiguration;
			buildSettings = {
				ASSETCATALOG_COMPILER_APPICON_NAME = AppIcon;
				ASSETCATALOG_COMPILER_GLOBAL_ACCENT_COLOR_NAME = AccentColor;
				CODE_SIGN_STYLE = Automatic;
				INFOPLIST_FILE = iQuiz/Info.plist;
				LD_RUNPATH_SEARCH_PATHS = (
					"$(inherited)",
					"@executable_path/Frameworks",
				);
				PRODUCT_BUNDLE_IDENTIFIER = JhemersonNicole.iQuiz;
				PRODUCT_NAME = "$(TARGET_NAME)";
				SWIFT_VERSION = 5.0;
				TARGETED_DEVICE_FAMILY = "1,2";
			};
			name = Debug;
		};
		579CCB592C193E5000D24EBE /* Release */ = {
			isa = XCBuildConfiguration;
			buildSettings = {
				ASSETCATALOG_COMPILER_APPICON_NAME = AppIcon;
				ASSETCATALOG_COMPILER_GLOBAL_ACCENT_COLOR_NAME = AccentColor;
				CODE_SIGN_STYLE = Automatic;
				INFOPLIST_FILE = iQuiz/Info.plist;
				LD_RUNPATH_SEARCH_PATHS = (
					"$(inherited)",
					"@executable_path/Frameworks",
				);
				PRODUCT_BUNDLE_IDENTIFIER = JhemersonNicole.iQuiz;
				PRODUCT_NAME = "$(TARGET_NAME)";
				SWIFT_VERSION = 5.0;
				TARGETED_DEVICE_FAMILY = "1,2";
			};
			name = Release;
		};
/* End XCBuildConfiguration section */

/* Begin XCConfigurationList section */
		579CCB3E2C193E4F00D24EBE /* Build configuration list for PBXProject "iQuiz" */ = {
			isa = XCConfigurationList;
			buildConfigurations = (
				579CCB552C193E5000D24EBE /* Debug */,
				579CCB562C193E5000D24EBE /* Release */,
			);
			defaultConfigurationIsVisible = 0;
			defaultConfigurationName = Release;
		};
		579CCB572C193E5000D24EBE /* Build configuration list for PBXNativeTarget "iQuiz" */ = {
			isa = XCConfigurationList;
			buildConfigurations = (
				579CCB582C193E5000D24EBE /* Debug */,
				579CCB592C193E5000D24EBE /* Release */,
			);
			defaultConfigurationIsVisible = 0;
			defaultConfigurationName = Release;
		};
/* End XCConfigurationList section */
	};
	rootObject = 579CCB3B2C193E4F00D24EBE /* Project object */;
}
